
Microsoft Visual Studio Solution File, Format Version 12.00
# Visual Studio 2012
Project("{FAE04EC0-301F-11D3-BF4B-00C04F79EFBC}") = "TriviaCrackHack", "TriviaCrackHack\TriviaCrackHack.csproj", "{008E3625-C5A8-4E4D-BCBE-8C5DA38AE6F4}"
EndProject
Global
	GlobalSection(SolutionConfigurationPlatforms) = preSolution
		Debug|Any CPU = Debug|Any CPU
		Release|Any CPU = Release|Any CPU
	EndGlobalSection
	GlobalSection(ProjectConfigurationPlatforms) = postSolution
		{008E3625-C5A8-4E4D-BCBE-8C5DA38AE6F4}.Debug|Any CPU.ActiveCfg = Debug|Any CPU
		{008E3625-C5A8-4E4D-BCBE-8C5DA38AE6F4}.Debug|Any CPU.Build.0 = Debug|Any CPU
		{008E3625-C5A8-4E4D-BCBE-8C5DA38AE6F4}.Release|Any CPU.ActiveCfg = Release|Any CPU
		{008E3625-C5A8-4E4D-BCBE-8C5DA38AE6F4}.Release|Any CPU.Build.0 = Release|Any CPU
	EndGlobalSection
	GlobalSection(SolutionProperties) = preSolution
		HideSolutionNode = FALSE
	EndGlobalSection
EndGlobal
